// !$*UTF8*$!
{
	archiveVersion = 1;
	classes = {
	};
	objectVersion = 46;
	objects = {

/* Begin PBXBuildFile section */
		A932F64F1E80708300D939A7 /* AppDelegate.swift in Sources */ = {isa = PBXBuildFile; fileRef = A932F64E1E80708300D939A7 /* AppDelegate.swift */; };
		A932F6511E80708300D939A7 /* MasterViewController.swift in Sources */ = {isa = PBXBuildFile; fileRef = A932F6501E80708300D939A7 /* MasterViewController.swift */; };
		A932F6531E80708300D939A7 /* DetailViewController.swift in Sources */ = {isa = PBXBuildFile; fileRef = A932F6521E80708300D939A7 /* DetailViewController.swift */; };
		A932F6561E80708300D939A7 /* Main.storyboard in Resources */ = {isa = PBXBuildFile; fileRef = A932F6541E80708300D939A7 /* Main.storyboard */; };
		A932F6581E80708300D939A7 /* Assets.xcassets in Resources */ = {isa = PBXBuildFile; fileRef = A932F6571E80708300D939A7 /* Assets.xcassets */; };
		A932F65B1E80708300D939A7 /* LaunchScreen.storyboard in Resources */ = {isa = PBXBuildFile; fileRef = A932F6591E80708300D939A7 /* LaunchScreen.storyboard */; };
/* End PBXBuildFile section */

/* Begin PBXFileReference section */
		A932F64B1E80708300D939A7 /* Rotation Issue.app */ = {isa = PBXFileReference; explicitFileType = wrapper.application; includeInIndex = 0; path = "Rotation Issue.app"; sourceTree = BUILT_PRODUCTS_DIR; };
		A932F64E1E80708300D939A7 /* AppDelegate.swift */ = {isa = PBXFileReference; lastKnownFileType = sourcecode.swift; path = AppDelegate.swift; sourceTree = "<group>"; };
		A932F6501E80708300D939A7 /* MasterViewController.swift */ = {isa = PBXFileReference; lastKnownFileType = sourcecode.swift; path = MasterViewController.swift; sourceTree = "<group>"; };
		A932F6521E80708300D939A7 /* DetailViewController.swift */ = {isa = PBXFileReference; lastKnownFileType = sourcecode.swift; path = DetailViewController.swift; sourceTree = "<group>"; };
		A932F6551E80708300D939A7 /* Base */ = {isa = PBXFileReference; lastKnownFileType = file.storyboard; name = Base; path = Base.lproj/Main.storyboard; sourceTree = "<group>"; };
		A932F6571E80708300D939A7 /* Assets.xcassets */ = {isa = PBXFileReference; lastKnownFileType = folder.assetcatalog; path = Assets.xcassets; sourceTree = "<group>"; };
		A932F65A1E80708300D939A7 /* Base */ = {isa = PBXFileReference; lastKnownFileType = file.storyboard; name = Base; path = Base.lproj/LaunchScreen.storyboard; sourceTree = "<group>"; };
		A932F65C1E80708300D939A7 /* Info.plist */ = {isa = PBXFileReference; lastKnownFileType = text.plist.xml; path = Info.plist; sourceTree = "<group>"; };
/* End PBXFileReference section */

/* Begin PBXFrameworksBuildPhase section */
		A932F6481E80708300D939A7 /* Frameworks */ = {
			isa = PBXFrameworksBuildPhase;
			buildActionMask = 2147483647;
			files = (
			);
			runOnlyForDeploymentPostprocessing = 0;
		};
/* End PBXFrameworksBuildPhase section */

/* Begin PBXGroup section */
		A932F6421E80708300D939A7 = {
			isa = PBXGroup;
			children = (
				A932F64D1E80708300D939A7 /* Rotation Issue */,
				A932F64C1E80708300D939A7 /* Products */,
			);
			sourceTree = "<group>";
		};
		A932F64C1E80708300D939A7 /* Products */ = {
			isa = PBXGroup;
			children = (
				A932F64B1E80708300D939A7 /* Rotation Issue.app */,
			);
			name = Products;
			sourceTree = "<group>";
		};
		A932F64D1E80708300D939A7 /* Rotation Issue */ = {
			isa = PBXGroup;
			children = (
				A932F64E1E80708300D939A7 /* AppDelegate.swift */,
				A932F6501E80708300D939A7 /* MasterViewController.swift */,
				A932F6521E80708300D939A7 /* DetailViewController.swift */,
				A932F6541E80708300D939A7 /* Main.storyboard */,
				A932F6571E80708300D939A7 /* Assets.xcassets */,
				A932F6591E80708300D939A7 /* LaunchScreen.storyboard */,
				A932F65C1E80708300D939A7 /* Info.plist */,
			);
			path = "Rotation Issue";
			sourceTree = "<group>";
		};
/* End PBXGroup section */

/* Begin PBXNativeTarget section */
		A932F64A1E80708300D939A7 /* Rotation Issue */ = {
			isa = PBXNativeTarget;
			buildConfigurationList = A932F65F1E80708300D939A7 /* Build configuration list for PBXNativeTarget "Rotation Issue" */;
			buildPhases = (
				A932F6471E80708300D939A7 /* Sources */,
				A932F6481E80708300D939A7 /* Frameworks */,
				A932F6491E80708300D939A7 /* Resources */,
			);
			buildRules = (
			);
			dependencies = (
			);
			name = "Rotation Issue";
			productName = "Rotation Issue";
			productReference = A932F64B1E80708300D939A7 /* Rotation Issue.app */;
			productType = "com.apple.product-type.application";
		};
/* End PBXNativeTarget section */

/* Begin PBXProject section */
		A932F6431E80708300D939A7 /* Project object */ = {
			isa = PBXProject;
			attributes = {
				LastSwiftUpdateCheck = 0820;
				LastUpgradeCheck = 0820;
				ORGANIZATIONNAME = "Trey Ethridge";
				TargetAttributes = {
					A932F64A1E80708300D939A7 = {
						CreatedOnToolsVersion = 8.2;
						DevelopmentTeam = 2U4UHFD4G8;
						ProvisioningStyle = Automatic;
					};
				};
			};
			buildConfigurationList = A932F6461E80708300D939A7 /* Build configuration list for PBXProject "Rotation Issue" */;
			compatibilityVersion = "Xcode 3.2";
			developmentRegion = English;
			hasScannedForEncodings = 0;
			knownRegions = (
				en,
				Base,
			);
			mainGroup = A932F6421E80708300D939A7;
			productRefGroup = A932F64C1E80708300D939A7 /* Products */;
			projectDirPath = "";
			projectRoot = "";
			targets = (
				A932F64A1E80708300D939A7 /* Rotation Issue */,
			);
		};
/* End PBXProject section */

/* Begin PBXResourcesBuildPhase section */
		A932F6491E80708300D939A7 /* Resources */ = {
			isa = PBXResourcesBuildPhase;
			buildActionMask = 2147483647;
			files = (
				A932F65B1E80708300D939A7 /* LaunchScreen.storyboard in Resources */,
				A932F6581E80708300D939A7 /* Assets.xcassets in Resources */,
				A932F6561E80708300D939A7 /* Main.storyboard in Resources */,
			);
			runOnlyForDeploymentPostprocessing = 0;
		};
/* End PBXResourcesBuildPhase section */

/* Begin PBXSourcesBuildPhase section */
		A932F6471E80708300D939A7 /* Sources */ = {
			isa = PBXSourcesBuildPhase;
			buildActionMask = 2147483647;
			files = (
				A932F6531E80708300D939A7 /* DetailViewController.swift in Sources */,
				A932F6511E80708300D939A7 /* MasterViewController.swift in Sources */,
				A932F64F1E80708300D939A7 /* AppDelegate.swift in Sources */,
			);
			runOnlyForDeploymentPostprocessing = 0;
		};
/* End PBXSourcesBuildPhase section */

/* Begin PBXVariantGroup section */
		A932F6541E80708300D939A7 /* Main.storyboard */ = {
			isa = PBXVariantGroup;
			children = (
				A932F6551E80708300D939A7 /* Base */,
			);
			name = Main.storyboard;
			sourceTree = "<group>";
		};
		A932F6591E80708300D939A7 /* LaunchScreen.storyboard */ = {
			isa = PBXVariantGroup;
			children = (
				A932F65A1E80708300D939A7 /* Base */,
			);
			name = LaunchScreen.storyboard;
			sourceTree = "<group>";
		};
/* End PBXVariantGroup section */

/* Begin XCBuildConfiguration section */
		A932F65D1E80708300D939A7 /* Debug */ = {
			isa = XCBuildConfiguration;
			buildSettings = {
				ALWAYS_SEARCH_USER_PATHS = NO;
				CLANG_ANALYZER_NONNULL = YES;
				CLANG_CXX_LANGUAGE_STANDARD = "gnu++0x";
				CLANG_CXX_LIBRARY = "libc++";
				CLANG_ENABLE_MODULES = YES;
				CLANG_ENABLE_OBJC_ARC = YES;
				CLANG_WARN_BOOL_CONVERSION = YES;
				CLANG_WARN_CONSTANT_CONVERSION = YES;
				CLANG_WARN_DIRECT_OBJC_ISA_USAGE = YES_ERROR;
				CLANG_WARN_DOCUMENTATION_COMMENTS = YES;
				CLANG_WARN_EMPTY_BODY = YES;
				CLANG_WARN_ENUM_CONVERSION = YES;
				CLANG_WARN_INFINITE_RECURSION = YES;
				CLANG_WARN_INT_CONVERSION = YES;
				CLANG_WARN_OBJC_ROOT_CLASS = YES_ERROR;
				CLANG_WARN_SUSPICIOUS_MOVE = YES;
				CLANG_WARN_UNREACHABLE_CODE = YES;
				CLANG_WARN__DUPLICATE_METHOD_MATCH = YES;
				"CODE_SIGN_IDENTITY[sdk=iphoneos*]" = "iPhone Developer";
				COPY_PHASE_STRIP = NO;
				DEBUG_INFORMATION_FORMAT = dwarf;
				ENABLE_STRICT_OBJC_MSGSEND = YES;
				ENABLE_TESTABILITY = YES;
				GCC_C_LANGUAGE_STANDARD = gnu99;
				GCC_DYNAMIC_NO_PIC = NO;
				GCC_NO_COMMON_BLOCKS = YES;
				GCC_OPTIMIZATION_LEVEL = 0;
				GCC_PREPROCESSOR_DEFINITIONS = (
					"DEBUG=1",
					"$(inherited)",
				);
				GCC_WARN_64_TO_32_BIT_CONVERSION = YES;
				GCC_WARN_ABOUT_RETURN_TYPE = YES_ERROR;
				GCC_WARN_UNDECLARED_SELECTOR = YES;
				GCC_WARN_UNINITIALIZED_AUTOS = YES_AGGRESSIVE;
				GCC_WARN_UNUSED_FUNCTION = YES;
				GCC_WARN_UNUSED_VARIABLE = YES;
				IPHONEOS_DEPLOYMENT_TARGET = 10.2;
				MTL_ENABLE_DEBUG_INFO = YES;
				ONLY_ACTIVE_ARCH = YES;
				SDKROOT = iphoneos;
				SWIFT_ACTIVE_COMPILATION_CONDITIONS = DEBUG;
				SWIFT_OPTIMIZATION_LEVEL = "-Onone";
				TARGETED_DEVICE_FAMILY = "1,2";
			};
			name = Debug;
		};
		A932F65E1E80708300D939A7 /* Release */ = {
			isa = XCBuildConfiguration;
			buildSettings = {
				ALWAYS_SEARCH_USER_PATHS = NO;
				CLANG_ANALYZER_NONNULL = YES;
				CLANG_CXX_LANGUAGE_STANDARD = "gnu++0x";
				CLANG_CXX_LIBRARY = "libc++";
				CLANG_ENABLE_MODULES = YES;
				CLANG_ENABLE_OBJC_ARC = YES;
				CLANG_WARN_BOOL_CONVERSION = YES;
				CLANG_WARN_CONSTANT_CONVERSION = YES;
				CLANG_WARN_DIRECT_OBJC_ISA_USAGE = YES_ERROR;
				CLANG_WARN_DOCUMENTATION_COMMENTS = YES;
				CLANG_WARN_EMPTY_BODY = YES;
				CLANG_WARN_ENUM_CONVERSION = YES;
				CLANG_WARN_INFINITE_RECURSION = YES;
				CLANG_WARN_INT_CONVERSION = YES;
				CLANG_WARN_OBJC_ROOT_CLASS = YES_ERROR;
				CLANG_WARN_SUSPICIOUS_MOVE = YES;
				CLANG_WARN_UNREACHABLE_CODE = YES;
				CLANG_WARN__DUPLICATE_METHOD_MATCH = YES;
				"CODE_SIGN_IDENTITY[sdk=iphoneos*]" = "iPhone Developer";
				COPY_PHASE_STRIP = NO;
				DEBUG_INFORMATION_FORMAT = "dwarf-with-dsym";
				ENABLE_NS_ASSERTIONS = NO;
				ENABLE_STRICT_OBJC_MSGSEND = YES;
				GCC_C_LANGUAGE_STANDARD = gnu99;
				GCC_NO_COMMON_BLOCKS = YES;
				GCC_WARN_64_TO_32_BIT_CONVERSION = YES;
				GCC_WARN_ABOUT_RETURN_TYPE = YES_ERROR;
				GCC_WARN_UNDECLARED_SELECTOR = YES;
				GCC_WARN_UNINITIALIZED_AUTOS = YES_AGGRESSIVE;
				GCC_WARN_UNUSED_FUNCTION = YES;
				GCC_WARN_UNUSED_VARIABLE = YES;
				IPHONEOS_DEPLOYMENT_TARGET = 10.2;
				MTL_ENABLE_DEBUG_INFO = NO;
				SDKROOT = iphoneos;
				SWIFT_OPTIMIZATION_LEVEL = "-Owholemodule";
				TARGETED_DEVICE_FAMILY = "1,2";
				VALIDATE_PRODUCT = YES;
			};
			name = Release;
		};
		A932F6601E80708300D939A7 /* Debug */ = {
			isa = XCBuildConfiguration;
			buildSettings = {
				ASSETCATALOG_COMPILER_APPICON_NAME = AppIcon;
				DEVELOPMENT_TEAM = 2U4UHFD4G8;
				INFOPLIST_FILE = "Rotation Issue/Info.plist";
				LD_RUNPATH_SEARCH_PATHS = "$(inherited) @executable_path/Frameworks";
				PRODUCT_BUNDLE_IDENTIFIER = "com.example.Rotation-Issue";
				PRODUCT_NAME = "$(TARGET_NAME)";
				SWIFT_VERSION = 3.0;
			};
			name = Debug;
		};
		A932F6611E80708300D939A7 /* Release */ = {
			isa = XCBuildConfiguration;
			buildSettings = {
				ASSETCATALOG_COMPILER_APPICON_NAME = AppIcon;
				DEVELOPMENT_TEAM = 2U4UHFD4G8;
				INFOPLIST_FILE = "Rotation Issue/Info.plist";
				LD_RUNPATH_SEARCH_PATHS = "$(inherited) @executable_path/Frameworks";
				PRODUCT_BUNDLE_IDENTIFIER = "com.example.Rotation-Issue";
				PRODUCT_NAME = "$(TARGET_NAME)";
				SWIFT_VERSION = 3.0;
			};
			name = Release;
		};
/* End XCBuildConfiguration section */

/* Begin XCConfigurationList section */
		A932F6461E80708300D939A7 /* Build configuration list for PBXProject "Rotation Issue" */ = {
			isa = XCConfigurationList;
			buildConfigurations = (
				A932F65D1E80708300D939A7 /* Debug */,
				A932F65E1E80708300D939A7 /* Release */,
			);
			defaultConfigurationIsVisible = 0;
			defaultConfigurationName = Release;
		};
		A932F65F1E80708300D939A7 /* Build configuration list for PBXNativeTarget "Rotation Issue" */ = {
			isa = XCConfigurationList;
			buildConfigurations = (
				A932F6601E80708300D939A7 /* Debug */,
				A932F6611E80708300D939A7 /* Release */,
			);
			defaultConfigurationIsVisible = 0;
		};
/* End XCConfigurationList section */
	};
	rootObject = A932F6431E80708300D939A7 /* Project object */;
}
